
Microsoft Visual Studio Solution File, Format Version 12.00
# Visual Studio 14
VisualStudioVersion = 14.0.25420.1
MinimumVisualStudioVersion = 10.0.40219.1
Project("{2150E333-8FDC-42A3-9474-1A3956D46DE8}") = "1 - Presentation", "1 - Presentation", "{3C8A32CB-322D-4A48-A652-BAE5D1B53445}"
EndProject
Project("{FAE04EC0-301F-11D3-BF4B-00C04F79EFBC}") = "HHT.UI", "HHT.UI\HHT.UI.csproj", "{1F672E36-AD54-4AD6-A415-8BF32709BC03}"
EndProject
Project("{2150E333-8FDC-42A3-9474-1A3956D46DE8}") = "2 - Services", "2 - Services", "{5F16CCF1-B47D-4178-91C2-77744F299F72}"
EndProject
Project("{2150E333-8FDC-42A3-9474-1A3956D46DE8}") = "3 - Application", "3 - Application", "{CDEFEF47-638E-4025-8E0E-6876E11F255B}"
EndProject
Project("{2150E333-8FDC-42A3-9474-1A3956D46DE8}") = "4 - Domain", "4 - Domain", "{E88DD105-6FA9-43C6-AF6D-628519B39C80}"
EndProject
Project("{2150E333-8FDC-42A3-9474-1A3956D46DE8}") = "5 - Infra", "5 - Infra", "{8FF580BE-8EEC-4A5D-B164-451D14803285}"
EndProject
Project("{FAE04EC0-301F-11D3-BF4B-00C04F79EFBC}") = "HHT.Services", "HHT.Services\HHT.Services.csproj", "{2E78ED7F-E0E3-4A6E-8C75-C6DBC72DFDCA}"
EndProject
Project("{FAE04EC0-301F-11D3-BF4B-00C04F79EFBC}") = "HHT.Application", "HHT.Application\HHT.Application.csproj", "{F827F42A-478B-4A78-876D-60776B1D1AD0}"
EndProject
Project("{FAE04EC0-301F-11D3-BF4B-00C04F79EFBC}") = "HHT.Domain", "HHT.Domain\HHT.Domain.csproj", "{67F8933C-8C3B-4E79-8760-E6A1C642A223}"
EndProject
Project("{2150E333-8FDC-42A3-9474-1A3956D46DE8}") = "5.1 - CrossCutting", "5.1 - CrossCutting", "{0450B16C-2242-409A-8740-CC94B73FD1D5}"
EndProject
Project("{2150E333-8FDC-42A3-9474-1A3956D46DE8}") = "5.2 - Data", "5.2 - Data", "{9D9653EC-FEBA-4098-A606-1087E41509E4}"
EndProject
Project("{FAE04EC0-301F-11D3-BF4B-00C04F79EFBC}") = "HHT.Infra.Data", "HHT.Infra.Data\HHT.Infra.Data.csproj", "{2E1FDB10-A92B-4947-AD52-057B2C23752D}"
EndProject
Project("{FAE04EC0-301F-11D3-BF4B-00C04F79EFBC}") = "HHT.Infra.CrossCutting", "HHT.Infra.CrossCutting\HHT.Infra.CrossCutting.csproj", "{82698228-BB0C-421C-B18C-B580186FD7A6}"
EndProject
Global
	GlobalSection(SolutionConfigurationPlatforms) = preSolution
		Debug|Any CPU = Debug|Any CPU
		Release|Any CPU = Release|Any CPU
	EndGlobalSection
	GlobalSection(ProjectConfigurationPlatforms) = postSolution
		{1F672E36-AD54-4AD6-A415-8BF32709BC03}.Debug|Any CPU.ActiveCfg = Debug|Any CPU
		{1F672E36-AD54-4AD6-A415-8BF32709BC03}.Debug|Any CPU.Build.0 = Debug|Any CPU
		{1F672E36-AD54-4AD6-A415-8BF32709BC03}.Release|Any CPU.ActiveCfg = Release|Any CPU
		{1F672E36-AD54-4AD6-A415-8BF32709BC03}.Release|Any CPU.Build.0 = Release|Any CPU
		{1F672E36-AD54-4AD6-A415-8BF32709BC03}.Release|Any CPU.Deploy.0 = Release|Any CPU
		{2E78ED7F-E0E3-4A6E-8C75-C6DBC72DFDCA}.Debug|Any CPU.ActiveCfg = Debug|Any CPU
		{2E78ED7F-E0E3-4A6E-8C75-C6DBC72DFDCA}.Debug|Any CPU.Build.0 = Debug|Any CPU
		{2E78ED7F-E0E3-4A6E-8C75-C6DBC72DFDCA}.Release|Any CPU.ActiveCfg = Release|Any CPU
		{2E78ED7F-E0E3-4A6E-8C75-C6DBC72DFDCA}.Release|Any CPU.Build.0 = Release|Any CPU
		{F827F42A-478B-4A78-876D-60776B1D1AD0}.Debug|Any CPU.ActiveCfg = Debug|Any CPU
		{F827F42A-478B-4A78-876D-60776B1D1AD0}.Debug|Any CPU.Build.0 = Debug|Any CPU
		{F827F42A-478B-4A78-876D-60776B1D1AD0}.Debug|Any CPU.Deploy.0 = Debug|Any CPU
		{F827F42A-478B-4A78-876D-60776B1D1AD0}.Release|Any CPU.ActiveCfg = Release|Any CPU
		{F827F42A-478B-4A78-876D-60776B1D1AD0}.Release|Any CPU.Build.0 = Release|Any CPU
		{67F8933C-8C3B-4E79-8760-E6A1C642A223}.Debug|Any CPU.ActiveCfg = Debug|Any CPU
		{67F8933C-8C3B-4E79-8760-E6A1C642A223}.Debug|Any CPU.Build.0 = Debug|Any CPU
		{67F8933C-8C3B-4E79-8760-E6A1C642A223}.Release|Any CPU.ActiveCfg = Release|Any CPU
		{67F8933C-8C3B-4E79-8760-E6A1C642A223}.Release|Any CPU.Build.0 = Release|Any CPU
		{67F8933C-8C3B-4E79-8760-E6A1C642A223}.Release|Any CPU.Deploy.0 = Release|Any CPU
		{2E1FDB10-A92B-4947-AD52-057B2C23752D}.Debug|Any CPU.ActiveCfg = Debug|Any CPU
		{2E1FDB10-A92B-4947-AD52-057B2C23752D}.Debug|Any CPU.Build.0 = Debug|Any CPU
		{2E1FDB10-A92B-4947-AD52-057B2C23752D}.Release|Any CPU.ActiveCfg = Release|Any CPU
		{2E1FDB10-A92B-4947-AD52-057B2C23752D}.Release|Any CPU.Build.0 = Release|Any CPU
		{82698228-BB0C-421C-B18C-B580186FD7A6}.Debug|Any CPU.ActiveCfg = Debug|Any CPU
		{82698228-BB0C-421C-B18C-B580186FD7A6}.Debug|Any CPU.Build.0 = Debug|Any CPU
		{82698228-BB0C-421C-B18C-B580186FD7A6}.Release|Any CPU.ActiveCfg = Release|Any CPU
		{82698228-BB0C-421C-B18C-B580186FD7A6}.Release|Any CPU.Build.0 = Release|Any CPU
	EndGlobalSection
	GlobalSection(SolutionProperties) = preSolution
		HideSolutionNode = FALSE
	EndGlobalSection
	GlobalSection(NestedProjects) = preSolution
		{1F672E36-AD54-4AD6-A415-8BF32709BC03} = {3C8A32CB-322D-4A48-A652-BAE5D1B53445}
		{2E78ED7F-E0E3-4A6E-8C75-C6DBC72DFDCA} = {5F16CCF1-B47D-4178-91C2-77744F299F72}
		{F827F42A-478B-4A78-876D-60776B1D1AD0} = {CDEFEF47-638E-4025-8E0E-6876E11F255B}
		{67F8933C-8C3B-4E79-8760-E6A1C642A223} = {E88DD105-6FA9-43C6-AF6D-628519B39C80}
		{0450B16C-2242-409A-8740-CC94B73FD1D5} = {8FF580BE-8EEC-4A5D-B164-451D14803285}
		{9D9653EC-FEBA-4098-A606-1087E41509E4} = {8FF580BE-8EEC-4A5D-B164-451D14803285}
		{2E1FDB10-A92B-4947-AD52-057B2C23752D} = {9D9653EC-FEBA-4098-A606-1087E41509E4}
		{82698228-BB0C-421C-B18C-B580186FD7A6} = {0450B16C-2242-409A-8740-CC94B73FD1D5}
	EndGlobalSection
EndGlobal
